
Microsoft Visual Studio Solution File, Format Version 12.00
# Visual Studio Version 17
VisualStudioVersion = 17.8.34330.188
MinimumVisualStudioVersion = 10.0.40219.1
Project("{FAE04EC0-301F-11D3-BF4B-00C04F79EFBC}") = "WebApplication1", "WebApplication1.csproj", "{FE6E4450-6DE0-4353-BE4C-6C2667F8A10C}"
EndProject
Global
	GlobalSection(SolutionConfigurationPlatforms) = preSolution
		Debug|Any CPU = Debug|Any CPU
		Release|Any CPU = Release|Any CPU
	EndGlobalSection
	GlobalSection(ProjectConfigurationPlatforms) = postSolution
		{FE6E4450-6DE0-4353-BE4C-6C2667F8A10C}.Debug|Any CPU.ActiveCfg = Debug|Any CPU
		{FE6E4450-6DE0-4353-BE4C-6C2667F8A10C}.Debug|Any CPU.Build.0 = Debug|Any CPU
		{FE6E4450-6DE0-4353-BE4C-6C2667F8A10C}.Release|Any CPU.ActiveCfg = Release|Any CPU
		{FE6E4450-6DE0-4353-BE4C-6C2667F8A10C}.Release|Any CPU.Build.0 = Release|Any CPU
	EndGlobalSection
	GlobalSection(SolutionProperties) = preSolution
		HideSolutionNode = FALSE
	EndGlobalSection
	GlobalSection(ExtensibilityGlobals) = postSolution
		SolutionGuid = {1DA1F3D0-B657-471F-8C2B-B9947EB6E5D9}
	EndGlobalSection
EndGlobal
